
Microsoft Visual Studio Solution File, Format Version 12.00
# Visual Studio Version 17
VisualStudioVersion = 17.5.33424.131
MinimumVisualStudioVersion = 10.0.40219.1
Project("{FAE04EC0-301F-11D3-BF4B-00C04F79EFBC}") = "Folha_de_Pagamentos_18.04", "Folha_Pagamentos_01_Inicio\Folha_de_Pagamentos_18.04.csproj", "{176DBBD5-74A0-41B5-AC9A-FBC831C7623D}"
EndProject
Global
	GlobalSection(SolutionConfigurationPlatforms) = preSolution
		Debug|Any CPU = Debug|Any CPU
		Release|Any CPU = Release|Any CPU
	EndGlobalSection
	GlobalSection(ProjectConfigurationPlatforms) = postSolution
		{176DBBD5-74A0-41B5-AC9A-FBC831C7623D}.Debug|Any CPU.ActiveCfg = Debug|Any CPU
		{176DBBD5-74A0-41B5-AC9A-FBC831C7623D}.Release|Any CPU.ActiveCfg = Release|Any CPU
		{176DBBD5-74A0-41B5-AC9A-FBC831C7623D}.Release|Any CPU.Build.0 = Release|Any CPU
	EndGlobalSection
	GlobalSection(SolutionProperties) = preSolution
		HideSolutionNode = FALSE
	EndGlobalSection
	GlobalSection(ExtensibilityGlobals) = postSolution
		SolutionGuid = {1C3D72F3-D999-406D-B7DE-B6BD29BBF9B9}
	EndGlobalSection
EndGlobal
